
Microsoft Visual Studio Solution File, Format Version 12.00
# Visual Studio Version 16
VisualStudioVersion = 16.0.31410.357
MinimumVisualStudioVersion = 10.0.40219.1
Project("{9A19103F-16F7-4668-BE54-9A1E7A4F7556}") = "Abtestreal.WebApp", "Abtestreal.WebApp\Abtestreal.WebApp.csproj", "{FC9CA52A-BDFA-4D42-8B1C-E443987566E9}"
EndProject
Project("{9A19103F-16F7-4668-BE54-9A1E7A4F7556}") = "Abtestreal.DAL", "Abtestreal.DAL\Abtestreal.DAL.csproj", "{FD319075-43C9-46DC-AE00-D8F091888138}"
EndProject
Project("{9A19103F-16F7-4668-BE54-9A1E7A4F7556}") = "Abtestreal.BLL", "Abtestreal.BLL\Abtestreal.BLL.csproj", "{9118F881-C2A8-403D-ACF7-3FAB792C4698}"
EndProject
Project("{FAE04EC0-301F-11D3-BF4B-00C04F79EFBC}") = "Abtestreal.Service", "Abtestreal.Service\Abtestreal.Service.csproj", "{606D88B2-5632-4611-82DF-0474C1EF6DE6}"
EndProject
Global
	GlobalSection(SolutionConfigurationPlatforms) = preSolution
		Debug|Any CPU = Debug|Any CPU
		Release|Any CPU = Release|Any CPU
	EndGlobalSection
	GlobalSection(ProjectConfigurationPlatforms) = postSolution
		{FC9CA52A-BDFA-4D42-8B1C-E443987566E9}.Debug|Any CPU.ActiveCfg = Debug|Any CPU
		{FC9CA52A-BDFA-4D42-8B1C-E443987566E9}.Debug|Any CPU.Build.0 = Debug|Any CPU
		{FC9CA52A-BDFA-4D42-8B1C-E443987566E9}.Release|Any CPU.ActiveCfg = Release|Any CPU
		{FC9CA52A-BDFA-4D42-8B1C-E443987566E9}.Release|Any CPU.Build.0 = Release|Any CPU
		{FD319075-43C9-46DC-AE00-D8F091888138}.Debug|Any CPU.ActiveCfg = Debug|Any CPU
		{FD319075-43C9-46DC-AE00-D8F091888138}.Debug|Any CPU.Build.0 = Debug|Any CPU
		{FD319075-43C9-46DC-AE00-D8F091888138}.Release|Any CPU.ActiveCfg = Release|Any CPU
		{FD319075-43C9-46DC-AE00-D8F091888138}.Release|Any CPU.Build.0 = Release|Any CPU
		{9118F881-C2A8-403D-ACF7-3FAB792C4698}.Debug|Any CPU.ActiveCfg = Debug|Any CPU
		{9118F881-C2A8-403D-ACF7-3FAB792C4698}.Debug|Any CPU.Build.0 = Debug|Any CPU
		{9118F881-C2A8-403D-ACF7-3FAB792C4698}.Release|Any CPU.ActiveCfg = Release|Any CPU
		{9118F881-C2A8-403D-ACF7-3FAB792C4698}.Release|Any CPU.Build.0 = Release|Any CPU
		{606D88B2-5632-4611-82DF-0474C1EF6DE6}.Debug|Any CPU.ActiveCfg = Debug|Any CPU
		{606D88B2-5632-4611-82DF-0474C1EF6DE6}.Debug|Any CPU.Build.0 = Debug|Any CPU
		{606D88B2-5632-4611-82DF-0474C1EF6DE6}.Release|Any CPU.ActiveCfg = Release|Any CPU
		{606D88B2-5632-4611-82DF-0474C1EF6DE6}.Release|Any CPU.Build.0 = Release|Any CPU
	EndGlobalSection
	GlobalSection(SolutionProperties) = preSolution
		HideSolutionNode = FALSE
	EndGlobalSection
	GlobalSection(ExtensibilityGlobals) = postSolution
		SolutionGuid = {2D2666A5-563A-4B8A-A1EE-4B70054215E5}
	EndGlobalSection
EndGlobal
